
Microsoft Visual Studio Solution File, Format Version 12.00
# Visual Studio Version 17
VisualStudioVersion = 17.4.33122.133
MinimumVisualStudioVersion = 10.0.40219.1
Project("{FAE04EC0-301F-11D3-BF4B-00C04F79EFBC}") = "WindowsFormsApp1", "WindowsFormsApp1\WindowsFormsApp1.csproj", "{DA016796-63BE-4582-A1C5-A8E6EBEFE841}"
EndProject
Global
	GlobalSection(SolutionConfigurationPlatforms) = preSolution
		Debug|Any CPU = Debug|Any CPU
		Release|Any CPU = Release|Any CPU
	EndGlobalSection
	GlobalSection(ProjectConfigurationPlatforms) = postSolution
		{DA016796-63BE-4582-A1C5-A8E6EBEFE841}.Debug|Any CPU.ActiveCfg = Debug|Any CPU
		{DA016796-63BE-4582-A1C5-A8E6EBEFE841}.Debug|Any CPU.Build.0 = Debug|Any CPU
		{DA016796-63BE-4582-A1C5-A8E6EBEFE841}.Release|Any CPU.ActiveCfg = Release|Any CPU
		{DA016796-63BE-4582-A1C5-A8E6EBEFE841}.Release|Any CPU.Build.0 = Release|Any CPU
	EndGlobalSection
	GlobalSection(SolutionProperties) = preSolution
		HideSolutionNode = FALSE
	EndGlobalSection
	GlobalSection(ExtensibilityGlobals) = postSolution
		SolutionGuid = {527DAF65-258E-4C06-A952-DCD56A59EB08}
	EndGlobalSection
EndGlobal
